PODS:
  - FlagshipFeatureFlags (0.2.91):
    - OpenFeature (= 0.3.0)
  - OpenFeature (0.3.0)

DEPENDENCIES:
  - FlagshipFeatureFlags (from `../`)

SPEC REPOS:
  trunk:
    - OpenFeature

EXTERNAL SOURCES:
  FlagshipFeatureFlags:
    :path: "../"

SPEC CHECKSUMS:
  FlagshipFeatureFlags: 42e1887f5134f35bf4105e7602c8358a3be21614
  OpenFeature: 985529d7d21078c4166233b254446728af642c49

PODFILE CHECKSUM: 1d41a8690f2e71b11ffe81f0cfd4114509a831a0

COCOAPODS: 1.16.2
